{
    "_readme": [
        "This file locks the dependencies of your project to a known state",
        "Read more about it at https://getcomposer.org/doc/01-basic-usage.md#installing-dependencies",
        "This file is @generated automatically"
    ],
    "content-hash": "ba5359fe82c8393f05c0aeffa516e825",
    "packages": [
        {
            "name": "cybrox/crunchdb",
            "version": "3.2.2",
            "source": {
                "type": "git",
                "url": "https://github.com/cybrox/crunchdb.git",
                "reference": "72623052358034cb6d8c5ec80a7973c4e4ffc8a3"
            },
            "dist": {
                "type": "zip",
                "url": "https://api.github.com/repos/cybrox/crunchdb/zipball/72623052358034cb6d8c5ec80a7973c4e4ffc8a3",
                "reference": "72623052358034cb6d8c5ec80a7973c4e4ffc8a3",
                "shasum": ""
            },
            "require": {
                "php": ">=5.3.0"
            },
            "type": "library",
            "autoload": {
                "psr-4": {
                    "cybrox\\crunchdb\\": "src"
                }
            },
            "notification-url": "https://packagist.org/downloads/",
            "license": [
                "MIT"
            ],
            "authors": [
                {
                    "name": "Sven Gehring",
                    "email": "cbrxde@gmail.com",
                    "homepage": "https://cybrox.eu",
                    "role": "Developer"
                }
            ],
            "description": "Dead-simple json file based data storage for php applications",
            "homepage": "https://github.com/cybrox/crunchdb",
            "keywords": [
                "Simple",
                "database",
                "db",
                "json"
            ],
            "time": "2018-07-15T00:59:29+00:00"
        },
        {
            "name": "rakibtg/sleekdb",
            "version": "1.0.3",
            "source": {
                "type": "git",
                "url": "https://github.com/rakibtg/SleekDB.git",
                "reference": "f81551f2d3e49bca66096bbf9c2918ee86c50779"
            },
            "dist": {
                "type": "zip",
                "url": "https://api.github.com/repos/rakibtg/SleekDB/zipball/f81551f2d3e49bca66096bbf9c2918ee86c50779",
                "reference": "f81551f2d3e49bca66096bbf9c2918ee86c50779",
                "shasum": ""
            },
            "require": {
                "php": ">=5.4"
            },
            "type": "library",
            "autoload": {
                "psr-4": {
                    "SleekDB\\": "src/"
                }
            },
            "notification-url": "https://packagist.org/downloads/",
            "license": [
                "MIT"
            ],
            "authors": [
                {
                    "name": "rakibtg",
                    "email": "rakibtg@gmail.com"
                }
            ],
            "description": "SleekDB - A 30Kb NoSQL Database made using PHP",
            "keywords": [
                "SleekDB",
                "api",
                "database",
                "flatfile",
                "framework",
                "micro",
                "nosql",
                "php",
                "rest"
            ],
            "time": "2019-03-21T15:16:09+00:00"
        }
    ],
    "packages-dev": [],
    "aliases": [],
    "minimum-stability": "stable",
    "stability-flags": [],
    "prefer-stable": false,
    "prefer-lowest": false,
    "platform": [],
    "platform-dev": []
}
